
Microsoft Visual Studio Solution File, Format Version 12.00
# Visual Studio Version 16
VisualStudioVersion = 16.0.34407.143
MinimumVisualStudioVersion = 10.0.40219.1
Project("{2150E333-8FDC-42A3-9474-1A3956D46DE8}") = "src", "src", "{78F3117B-0B16-4C8D-B389-BA5EDCB08E1E}"
EndProject
Project("{9A19103F-16F7-4668-BE54-9A1E7A4F7556}") = "TaskManager.Web", "src\TaskManager.Web\TaskManager.Web.csproj", "{7481DBC3-F72B-4C6A-84D0-A7D63035434C}"
EndProject
Project("{9A19103F-16F7-4668-BE54-9A1E7A4F7556}") = "TaskManager.Domain", "src\TaskManager.Domain\TaskManager.Domain.csproj", "{E2DDA697-0162-436B-B63A-8FBBFACD8C20}"
EndProject
Project("{9A19103F-16F7-4668-BE54-9A1E7A4F7556}") = "TaskManager.Infrastructure", "src\TaskManager.Infrastructure\TaskManager.Infrastructure.csproj", "{BFE70C4D-10E0-4DAF-BE64-186CE24666E1}"
EndProject
Project("{9A19103F-16F7-4668-BE54-9A1E7A4F7556}") = "TaskManager.Application", "src\TaskManager.Application\TaskManager.Application.csproj", "{9F4496AB-D683-43A6-A1F9-5A41BA62F5C9}"
EndProject
Project("{2150E333-8FDC-42A3-9474-1A3956D46DE8}") = "Solution Items", "Solution Items", "{8B512159-0E09-49FD-ADD1-E2C33D614235}"
	ProjectSection(SolutionItems) = preProject
		.dockerignore = .dockerignore
		.gitattributes = .gitattributes
		.gitignore = .gitignore
		Dockerfile = Dockerfile
		README.md = README.md
	EndProjectSection
EndProject
Global
	GlobalSection(SolutionConfigurationPlatforms) = preSolution
		Debug|Any CPU = Debug|Any CPU
		Release|Any CPU = Release|Any CPU
	EndGlobalSection
	GlobalSection(ProjectConfigurationPlatforms) = postSolution
		{7481DBC3-F72B-4C6A-84D0-A7D63035434C}.Debug|Any CPU.ActiveCfg = Debug|Any CPU
		{7481DBC3-F72B-4C6A-84D0-A7D63035434C}.Debug|Any CPU.Build.0 = Debug|Any CPU
		{7481DBC3-F72B-4C6A-84D0-A7D63035434C}.Release|Any CPU.ActiveCfg = Release|Any CPU
		{7481DBC3-F72B-4C6A-84D0-A7D63035434C}.Release|Any CPU.Build.0 = Release|Any CPU
		{E2DDA697-0162-436B-B63A-8FBBFACD8C20}.Debug|Any CPU.ActiveCfg = Debug|Any CPU
		{E2DDA697-0162-436B-B63A-8FBBFACD8C20}.Debug|Any CPU.Build.0 = Debug|Any CPU
		{E2DDA697-0162-436B-B63A-8FBBFACD8C20}.Release|Any CPU.ActiveCfg = Release|Any CPU
		{E2DDA697-0162-436B-B63A-8FBBFACD8C20}.Release|Any CPU.Build.0 = Release|Any CPU
		{BFE70C4D-10E0-4DAF-BE64-186CE24666E1}.Debug|Any CPU.ActiveCfg = Debug|Any CPU
		{BFE70C4D-10E0-4DAF-BE64-186CE24666E1}.Debug|Any CPU.Build.0 = Debug|Any CPU
		{BFE70C4D-10E0-4DAF-BE64-186CE24666E1}.Release|Any CPU.ActiveCfg = Release|Any CPU
		{BFE70C4D-10E0-4DAF-BE64-186CE24666E1}.Release|Any CPU.Build.0 = Release|Any CPU
		{9F4496AB-D683-43A6-A1F9-5A41BA62F5C9}.Debug|Any CPU.ActiveCfg = Debug|Any CPU
		{9F4496AB-D683-43A6-A1F9-5A41BA62F5C9}.Debug|Any CPU.Build.0 = Debug|Any CPU
		{9F4496AB-D683-43A6-A1F9-5A41BA62F5C9}.Release|Any CPU.ActiveCfg = Release|Any CPU
		{9F4496AB-D683-43A6-A1F9-5A41BA62F5C9}.Release|Any CPU.Build.0 = Release|Any CPU
	EndGlobalSection
	GlobalSection(SolutionProperties) = preSolution
		HideSolutionNode = FALSE
	EndGlobalSection
	GlobalSection(NestedProjects) = preSolution
		{7481DBC3-F72B-4C6A-84D0-A7D63035434C} = {78F3117B-0B16-4C8D-B389-BA5EDCB08E1E}
		{E2DDA697-0162-436B-B63A-8FBBFACD8C20} = {78F3117B-0B16-4C8D-B389-BA5EDCB08E1E}
		{BFE70C4D-10E0-4DAF-BE64-186CE24666E1} = {78F3117B-0B16-4C8D-B389-BA5EDCB08E1E}
		{9F4496AB-D683-43A6-A1F9-5A41BA62F5C9} = {78F3117B-0B16-4C8D-B389-BA5EDCB08E1E}
	EndGlobalSection
	GlobalSection(ExtensibilityGlobals) = postSolution
		SolutionGuid = {7CF2C78A-C1ED-492E-89F4-D1CEA1E6CE0F}
	EndGlobalSection
EndGlobal
