
Microsoft Visual Studio Solution File, Format Version 12.00
# Visual Studio Version 16
VisualStudioVersion = 16.0.34407.143
MinimumVisualStudioVersion = 10.0.40219.1
Project("{9A19103F-16F7-4668-BE54-9A1E7A4F7556}") = "TaskManager.Web", "TaskManager.Web.csproj", "{DD5ADB17-735C-441D-B1F8-B7D2403347E8}"
EndProject
Project("{2150E333-8FDC-42A3-9474-1A3956D46DE8}") = "src", "src", "{043FA625-4B3F-4C68-9409-2D861ECB4197}"
EndProject
Project("{FAE04EC0-301F-11D3-BF4B-00C04F79EFBC}") = "TaskManager.Domain", "..\TaskManager.Domain\TaskManager.Domain.csproj", "{53288B26-F81F-429C-B95A-7BB3D35A302B}"
EndProject
Project("{FAE04EC0-301F-11D3-BF4B-00C04F79EFBC}") = "TaskManager.Infrastructure", "..\TaskManager.Infrastructure\TaskManager.Infrastructure.csproj", "{842E9A76-9EFB-426C-A2CA-9175274A99EB}"
EndProject
Project("{FAE04EC0-301F-11D3-BF4B-00C04F79EFBC}") = "TaskManager.Application", "..\TaskManager.Application\TaskManager.Application.csproj", "{C28E81E2-8679-4552-96B8-FD7B994B30BA}"
EndProject
Global
	GlobalSection(SolutionConfigurationPlatforms) = preSolution
		Debug|Any CPU = Debug|Any CPU
		Release|Any CPU = Release|Any CPU
	EndGlobalSection
	GlobalSection(ProjectConfigurationPlatforms) = postSolution
		{DD5ADB17-735C-441D-B1F8-B7D2403347E8}.Debug|Any CPU.ActiveCfg = Debug|Any CPU
		{DD5ADB17-735C-441D-B1F8-B7D2403347E8}.Debug|Any CPU.Build.0 = Debug|Any CPU
		{DD5ADB17-735C-441D-B1F8-B7D2403347E8}.Release|Any CPU.ActiveCfg = Release|Any CPU
		{DD5ADB17-735C-441D-B1F8-B7D2403347E8}.Release|Any CPU.Build.0 = Release|Any CPU
		{53288B26-F81F-429C-B95A-7BB3D35A302B}.Debug|Any CPU.ActiveCfg = Debug|Any CPU
		{53288B26-F81F-429C-B95A-7BB3D35A302B}.Debug|Any CPU.Build.0 = Debug|Any CPU
		{53288B26-F81F-429C-B95A-7BB3D35A302B}.Release|Any CPU.ActiveCfg = Release|Any CPU
		{53288B26-F81F-429C-B95A-7BB3D35A302B}.Release|Any CPU.Build.0 = Release|Any CPU
		{842E9A76-9EFB-426C-A2CA-9175274A99EB}.Debug|Any CPU.ActiveCfg = Debug|Any CPU
		{842E9A76-9EFB-426C-A2CA-9175274A99EB}.Debug|Any CPU.Build.0 = Debug|Any CPU
		{842E9A76-9EFB-426C-A2CA-9175274A99EB}.Release|Any CPU.ActiveCfg = Release|Any CPU
		{842E9A76-9EFB-426C-A2CA-9175274A99EB}.Release|Any CPU.Build.0 = Release|Any CPU
		{C28E81E2-8679-4552-96B8-FD7B994B30BA}.Debug|Any CPU.ActiveCfg = Debug|Any CPU
		{C28E81E2-8679-4552-96B8-FD7B994B30BA}.Debug|Any CPU.Build.0 = Debug|Any CPU
		{C28E81E2-8679-4552-96B8-FD7B994B30BA}.Release|Any CPU.ActiveCfg = Release|Any CPU
		{C28E81E2-8679-4552-96B8-FD7B994B30BA}.Release|Any CPU.Build.0 = Release|Any CPU
	EndGlobalSection
	GlobalSection(SolutionProperties) = preSolution
		HideSolutionNode = FALSE
	EndGlobalSection
	GlobalSection(NestedProjects) = preSolution
		{DD5ADB17-735C-441D-B1F8-B7D2403347E8} = {043FA625-4B3F-4C68-9409-2D861ECB4197}
		{53288B26-F81F-429C-B95A-7BB3D35A302B} = {043FA625-4B3F-4C68-9409-2D861ECB4197}
		{842E9A76-9EFB-426C-A2CA-9175274A99EB} = {043FA625-4B3F-4C68-9409-2D861ECB4197}
		{C28E81E2-8679-4552-96B8-FD7B994B30BA} = {043FA625-4B3F-4C68-9409-2D861ECB4197}
	EndGlobalSection
	GlobalSection(ExtensibilityGlobals) = postSolution
		SolutionGuid = {4AFDCB8C-4719-4125-BF3D-2E188C15A0E3}
	EndGlobalSection
EndGlobal
